
Microsoft Visual Studio Solution File, Format Version 12.00
# Visual Studio Version 16
VisualStudioVersion = 16.0.28803.202
MinimumVisualStudioVersion = 10.0.40219.1
Project("{9A19103F-16F7-4668-BE54-9A1E7A4F7556}") = "Fms.Jpf.Submission.API", "Fms.Jpf.Submission.API\Fms.Jpf.Submission.API.csproj", "{A434B466-547B-498C-9863-B254D3FEDA6C}"
EndProject
Project("{9A19103F-16F7-4668-BE54-9A1E7A4F7556}") = "Fms.Jpf.Submission.API.Tests", "Fms.Jpf.Submission.API.Tests\Fms.Jpf.Submission.API.Tests.csproj", "{41D6EE05-0511-41D5-83AD-2A03CA1A748D}"
EndProject
Global
	GlobalSection(SolutionConfigurationPlatforms) = preSolution
		Debug|Any CPU = Debug|Any CPU
		Release|Any CPU = Release|Any CPU
	EndGlobalSection
	GlobalSection(ProjectConfigurationPlatforms) = postSolution
		{A434B466-547B-498C-9863-B254D3FEDA6C}.Debug|Any CPU.ActiveCfg = Debug|Any CPU
		{A434B466-547B-498C-9863-B254D3FEDA6C}.Debug|Any CPU.Build.0 = Debug|Any CPU
		{A434B466-547B-498C-9863-B254D3FEDA6C}.Release|Any CPU.ActiveCfg = Release|Any CPU
		{A434B466-547B-498C-9863-B254D3FEDA6C}.Release|Any CPU.Build.0 = Release|Any CPU
		{41D6EE05-0511-41D5-83AD-2A03CA1A748D}.Debug|Any CPU.ActiveCfg = Debug|Any CPU
		{41D6EE05-0511-41D5-83AD-2A03CA1A748D}.Debug|Any CPU.Build.0 = Debug|Any CPU
		{41D6EE05-0511-41D5-83AD-2A03CA1A748D}.Release|Any CPU.ActiveCfg = Release|Any CPU
		{41D6EE05-0511-41D5-83AD-2A03CA1A748D}.Release|Any CPU.Build.0 = Release|Any CPU
	EndGlobalSection
	GlobalSection(SolutionProperties) = preSolution
		HideSolutionNode = FALSE
	EndGlobalSection
	GlobalSection(ExtensibilityGlobals) = postSolution
		SolutionGuid = {02F893F0-5294-4EB9-BE74-80E77D67CC9C}
	EndGlobalSection
EndGlobal
